
Microsoft Visual Studio Solution File, Format Version 12.00
# Visual Studio 14
VisualStudioVersion = 14.0.25420.1
MinimumVisualStudioVersion = 10.0.40219.1
Project("{2150E333-8FDC-42A3-9474-1A3956D46DE8}") = "External", "External", "{B2F1FF1B-005C-490E-999E-17BD4B720B5C}"
EndProject
Project("{8BC9CEB8-8B4A-11D0-8D11-00A0C91BC942}") = "libbox2d", "..\cocos2dx-lib\external\Box2D\proj-win10\libbox2d.vcxproj", "{0C32D479-46D5-46C3-9AA9-0A8FF8320516}"
EndProject
Project("{8BC9CEB8-8B4A-11D0-8D11-00A0C91BC942}") = "libSpine", "..\cocos2dx-lib\cocos\editor-support\spine\proj.win10\libSpine.vcxproj", "{4B3BA10A-941F-4E08-8A50-8A7FCB822BB8}"
EndProject
Project("{8BC9CEB8-8B4A-11D0-8D11-00A0C91BC942}") = "libbullet", "..\cocos2dx-lib\external\bullet\proj.win10\libbullet.vcxproj", "{ECEE1119-CE2E-4F7E-83A8-1932EA48E893}"
EndProject
Project("{8BC9CEB8-8B4A-11D0-8D11-00A0C91BC942}") = "librecast", "..\cocos2dx-lib\external\recast\proj.win10\librecast.vcxproj", "{F551524D-8A70-4B2F-A7C2-28AE61150022}"
EndProject
Project("{8BC9CEB8-8B4A-11D0-8D11-00A0C91BC942}") = "iWinOnline", "App\iWinOnline.vcxproj", "{187D3E60-961A-41EE-BC18-C510A431D22E}"
EndProject
Project("{2150E333-8FDC-42A3-9474-1A3956D46DE8}") = "Lib", "Lib", "{FF73FEF9-1991-4D56-93B0-56A14024FE65}"
EndProject
Project("{8BC9CEB8-8B4A-11D0-8D11-00A0C91BC942}") = "jsoncpp", "..\lib\json\project\vs2015_w10\jsoncpp.vcxproj", "{42ABB4F7-AE8A-3393-B7A2-BE6923019AF4}"
EndProject
Project("{8BC9CEB8-8B4A-11D0-8D11-00A0C91BC942}") = "RKUtils", "..\lib\RKUtils\Proj\Win10\RKUtils.vcxproj", "{F7DCCFEC-D7F8-4977-BB07-A3ADE2AAB85F}"
EndProject
Project("{8BC9CEB8-8B4A-11D0-8D11-00A0C91BC942}") = "WinRTAPIsEmul_w10", "..\lib\WinRTAPIsEmul\WinRTAPIsEmul_w10\WinRTAPIsEmul_w10.vcxproj", "{41F7F754-7B23-4704-B9D7-8CF9CC366FBE}"
EndProject
Project("{8BC9CEB8-8B4A-11D0-8D11-00A0C91BC942}") = "Utility.Win10", "..\lib\Utility\Proj\Utility.Win10\Utility.Win10.vcxproj", "{19972077-AAFC-447C-BB69-0512EA92D79F}"
EndProject
Project("{8BC9CEB8-8B4A-11D0-8D11-00A0C91BC942}") = "libcocos2d", "libcocos2d.vcxproj", "{07C2895D-720C-487D-B7B4-12C293EA533F}"
EndProject
Project("{2150E333-8FDC-42A3-9474-1A3956D46DE8}") = "angle", "angle", "{37F27049-549D-4A60-88C4-441DE60A985C}"
EndProject
Project("{8BC9CEB8-8B4A-11D0-8D11-00A0C91BC942}") = "angle_common", "..\cocos2dx-lib\external\win10-specific\angle\winrt\10\src\angle_common.vcxproj", "{7E3E300C-E43E-45E3-7AFE-6C728B705A32}"
EndProject
Project("{8BC9CEB8-8B4A-11D0-8D11-00A0C91BC942}") = "angle_image_util", "..\cocos2dx-lib\external\win10-specific\angle\winrt\10\src\angle_image_util.vcxproj", "{4C9E2306-3012-5705-6444-E83567B383C7}"
EndProject
Project("{8BC9CEB8-8B4A-11D0-8D11-00A0C91BC942}") = "commit_id", "..\cocos2dx-lib\external\win10-specific\angle\winrt\10\src\commit_id.vcxproj", "{CC680B1E-4E12-511E-0BB1-98AC96D57E45}"
EndProject
Project("{8BC9CEB8-8B4A-11D0-8D11-00A0C91BC942}") = "copy_compiler_dll", "..\cocos2dx-lib\external\win10-specific\angle\winrt\10\src\copy_compiler_dll.vcxproj", "{827D9088-EBF8-F3E0-55C8-7221677654F2}"
EndProject
Project("{8BC9CEB8-8B4A-11D0-8D11-00A0C91BC942}") = "copy_scripts", "..\cocos2dx-lib\external\win10-specific\angle\winrt\10\src\copy_scripts.vcxproj", "{DC6C63FF-C15C-68A1-5864-FB597D75B2B3}"
EndProject
Project("{8BC9CEB8-8B4A-11D0-8D11-00A0C91BC942}") = "libANGLE", "..\cocos2dx-lib\external\win10-specific\angle\winrt\10\src\libANGLE.vcxproj", "{ABEF057D-44A3-6E92-15DC-03A220AF6AFC}"
EndProject
Project("{8BC9CEB8-8B4A-11D0-8D11-00A0C91BC942}") = "libEGL", "..\cocos2dx-lib\external\win10-specific\angle\winrt\10\src\libEGL.vcxproj", "{229C8CCC-D35C-ECDB-2B0C-27EE2CAC295B}"
EndProject
Project("{8BC9CEB8-8B4A-11D0-8D11-00A0C91BC942}") = "libGLESv2", "..\cocos2dx-lib\external\win10-specific\angle\winrt\10\src\libGLESv2.vcxproj", "{5CF061C0-EA5A-323E-2FFB-145A0C3D60A5}"
EndProject
Project("{8BC9CEB8-8B4A-11D0-8D11-00A0C91BC942}") = "preprocessor", "..\cocos2dx-lib\external\win10-specific\angle\winrt\10\src\preprocessor.vcxproj", "{DBFED762-09FA-6D74-851D-9BB6E20584F6}"
EndProject
Project("{8BC9CEB8-8B4A-11D0-8D11-00A0C91BC942}") = "translator", "..\cocos2dx-lib\external\win10-specific\angle\winrt\10\src\translator.vcxproj", "{CCB5F260-9E5D-B51E-07AC-61B3052C6A9F}"
EndProject
Project("{8BC9CEB8-8B4A-11D0-8D11-00A0C91BC942}") = "translator_lib", "..\cocos2dx-lib\external\win10-specific\angle\winrt\10\src\translator_lib.vcxproj", "{D42E649A-16F0-F02E-C9E0-4700295D3C78}"
EndProject
Project("{8BC9CEB8-8B4A-11D0-8D11-00A0C91BC942}") = "translator_static", "..\cocos2dx-lib\external\win10-specific\angle\winrt\10\src\translator_static.vcxproj", "{195002A7-E979-7387-6C9C-CFFF03DB1775}"
EndProject
Global
	GlobalSection(SolutionConfigurationPlatforms) = preSolution
		Debug|Any CPU = Debug|Any CPU
		Debug|ARM = Debug|ARM
		Debug|Win32 = Debug|Win32
		Debug|x64 = Debug|x64
		Debug|x86 = Debug|x86
		Release|Any CPU = Release|Any CPU
		Release|ARM = Release|ARM
		Release|Win32 = Release|Win32
		Release|x64 = Release|x64
		Release|x86 = Release|x86
	EndGlobalSection
	GlobalSection(ProjectConfigurationPlatforms) = postSolution
		{0C32D479-46D5-46C3-9AA9-0A8FF8320516}.Debug|Any CPU.ActiveCfg = Debug|Win32
		{0C32D479-46D5-46C3-9AA9-0A8FF8320516}.Debug|ARM.ActiveCfg = Debug|ARM
		{0C32D479-46D5-46C3-9AA9-0A8FF8320516}.Debug|ARM.Build.0 = Debug|ARM
		{0C32D479-46D5-46C3-9AA9-0A8FF8320516}.Debug|Win32.ActiveCfg = Debug|Win32
		{0C32D479-46D5-46C3-9AA9-0A8FF8320516}.Debug|Win32.Build.0 = Debug|Win32
		{0C32D479-46D5-46C3-9AA9-0A8FF8320516}.Debug|x64.ActiveCfg = Debug|x64
		{0C32D479-46D5-46C3-9AA9-0A8FF8320516}.Debug|x64.Build.0 = Debug|x64
		{0C32D479-46D5-46C3-9AA9-0A8FF8320516}.Debug|x86.ActiveCfg = Debug|Win32
		{0C32D479-46D5-46C3-9AA9-0A8FF8320516}.Debug|x86.Build.0 = Debug|Win32
		{0C32D479-46D5-46C3-9AA9-0A8FF8320516}.Release|Any CPU.ActiveCfg = Release|Win32
		{0C32D479-46D5-46C3-9AA9-0A8FF8320516}.Release|ARM.ActiveCfg = Release|ARM
		{0C32D479-46D5-46C3-9AA9-0A8FF8320516}.Release|ARM.Build.0 = Release|ARM
		{0C32D479-46D5-46C3-9AA9-0A8FF8320516}.Release|Win32.ActiveCfg = Release|Win32
		{0C32D479-46D5-46C3-9AA9-0A8FF8320516}.Release|Win32.Build.0 = Release|Win32
		{0C32D479-46D5-46C3-9AA9-0A8FF8320516}.Release|x64.ActiveCfg = Release|x64
		{0C32D479-46D5-46C3-9AA9-0A8FF8320516}.Release|x64.Build.0 = Release|x64
		{0C32D479-46D5-46C3-9AA9-0A8FF8320516}.Release|x86.ActiveCfg = Release|Win32
		{0C32D479-46D5-46C3-9AA9-0A8FF8320516}.Release|x86.Build.0 = Release|Win32
		{4B3BA10A-941F-4E08-8A50-8A7FCB822BB8}.Debug|Any CPU.ActiveCfg = Debug|Win32
		{4B3BA10A-941F-4E08-8A50-8A7FCB822BB8}.Debug|ARM.ActiveCfg = Debug|ARM
		{4B3BA10A-941F-4E08-8A50-8A7FCB822BB8}.Debug|ARM.Build.0 = Debug|ARM
		{4B3BA10A-941F-4E08-8A50-8A7FCB822BB8}.Debug|Win32.ActiveCfg = Debug|Win32
		{4B3BA10A-941F-4E08-8A50-8A7FCB822BB8}.Debug|Win32.Build.0 = Debug|Win32
		{4B3BA10A-941F-4E08-8A50-8A7FCB822BB8}.Debug|x64.ActiveCfg = Debug|x64
		{4B3BA10A-941F-4E08-8A50-8A7FCB822BB8}.Debug|x64.Build.0 = Debug|x64
		{4B3BA10A-941F-4E08-8A50-8A7FCB822BB8}.Debug|x86.ActiveCfg = Debug|Win32
		{4B3BA10A-941F-4E08-8A50-8A7FCB822BB8}.Debug|x86.Build.0 = Debug|Win32
		{4B3BA10A-941F-4E08-8A50-8A7FCB822BB8}.Release|Any CPU.ActiveCfg = Release|Win32
		{4B3BA10A-941F-4E08-8A50-8A7FCB822BB8}.Release|ARM.ActiveCfg = Release|ARM
		{4B3BA10A-941F-4E08-8A50-8A7FCB822BB8}.Release|ARM.Build.0 = Release|ARM
		{4B3BA10A-941F-4E08-8A50-8A7FCB822BB8}.Release|Win32.ActiveCfg = Release|Win32
		{4B3BA10A-941F-4E08-8A50-8A7FCB822BB8}.Release|Win32.Build.0 = Release|Win32
		{4B3BA10A-941F-4E08-8A50-8A7FCB822BB8}.Release|x64.ActiveCfg = Release|x64
		{4B3BA10A-941F-4E08-8A50-8A7FCB822BB8}.Release|x64.Build.0 = Release|x64
		{4B3BA10A-941F-4E08-8A50-8A7FCB822BB8}.Release|x86.ActiveCfg = Release|Win32
		{4B3BA10A-941F-4E08-8A50-8A7FCB822BB8}.Release|x86.Build.0 = Release|Win32
		{ECEE1119-CE2E-4F7E-83A8-1932EA48E893}.Debug|Any CPU.ActiveCfg = Debug|Win32
		{ECEE1119-CE2E-4F7E-83A8-1932EA48E893}.Debug|ARM.ActiveCfg = Debug|ARM
		{ECEE1119-CE2E-4F7E-83A8-1932EA48E893}.Debug|ARM.Build.0 = Debug|ARM
		{ECEE1119-CE2E-4F7E-83A8-1932EA48E893}.Debug|Win32.ActiveCfg = Debug|Win32
		{ECEE1119-CE2E-4F7E-83A8-1932EA48E893}.Debug|Win32.Build.0 = Debug|Win32
		{ECEE1119-CE2E-4F7E-83A8-1932EA48E893}.Debug|x64.ActiveCfg = Debug|x64
		{ECEE1119-CE2E-4F7E-83A8-1932EA48E893}.Debug|x64.Build.0 = Debug|x64
		{ECEE1119-CE2E-4F7E-83A8-1932EA48E893}.Debug|x86.ActiveCfg = Debug|Win32
		{ECEE1119-CE2E-4F7E-83A8-1932EA48E893}.Debug|x86.Build.0 = Debug|Win32
		{ECEE1119-CE2E-4F7E-83A8-1932EA48E893}.Release|Any CPU.ActiveCfg = Release|Win32
		{ECEE1119-CE2E-4F7E-83A8-1932EA48E893}.Release|ARM.ActiveCfg = Release|ARM
		{ECEE1119-CE2E-4F7E-83A8-1932EA48E893}.Release|ARM.Build.0 = Release|ARM
		{ECEE1119-CE2E-4F7E-83A8-1932EA48E893}.Release|Win32.ActiveCfg = Release|Win32
		{ECEE1119-CE2E-4F7E-83A8-1932EA48E893}.Release|Win32.Build.0 = Release|Win32
		{ECEE1119-CE2E-4F7E-83A8-1932EA48E893}.Release|x64.ActiveCfg = Release|x64
		{ECEE1119-CE2E-4F7E-83A8-1932EA48E893}.Release|x64.Build.0 = Release|x64
		{ECEE1119-CE2E-4F7E-83A8-1932EA48E893}.Release|x86.ActiveCfg = Release|Win32
		{ECEE1119-CE2E-4F7E-83A8-1932EA48E893}.Release|x86.Build.0 = Release|Win32
		{F551524D-8A70-4B2F-A7C2-28AE61150022}.Debug|Any CPU.ActiveCfg = Debug|Win32
		{F551524D-8A70-4B2F-A7C2-28AE61150022}.Debug|ARM.ActiveCfg = Debug|ARM
		{F551524D-8A70-4B2F-A7C2-28AE61150022}.Debug|ARM.Build.0 = Debug|ARM
		{F551524D-8A70-4B2F-A7C2-28AE61150022}.Debug|Win32.ActiveCfg = Debug|Win32
		{F551524D-8A70-4B2F-A7C2-28AE61150022}.Debug|Win32.Build.0 = Debug|Win32
		{F551524D-8A70-4B2F-A7C2-28AE61150022}.Debug|x64.ActiveCfg = Debug|x64
		{F551524D-8A70-4B2F-A7C2-28AE61150022}.Debug|x64.Build.0 = Debug|x64
		{F551524D-8A70-4B2F-A7C2-28AE61150022}.Debug|x86.ActiveCfg = Debug|Win32
		{F551524D-8A70-4B2F-A7C2-28AE61150022}.Debug|x86.Build.0 = Debug|Win32
		{F551524D-8A70-4B2F-A7C2-28AE61150022}.Release|Any CPU.ActiveCfg = Release|Win32
		{F551524D-8A70-4B2F-A7C2-28AE61150022}.Release|ARM.ActiveCfg = Release|ARM
		{F551524D-8A70-4B2F-A7C2-28AE61150022}.Release|ARM.Build.0 = Release|ARM
		{F551524D-8A70-4B2F-A7C2-28AE61150022}.Release|Win32.ActiveCfg = Release|Win32
		{F551524D-8A70-4B2F-A7C2-28AE61150022}.Release|Win32.Build.0 = Release|Win32
		{F551524D-8A70-4B2F-A7C2-28AE61150022}.Release|x64.ActiveCfg = Release|x64
		{F551524D-8A70-4B2F-A7C2-28AE61150022}.Release|x64.Build.0 = Release|x64
		{F551524D-8A70-4B2F-A7C2-28AE61150022}.Release|x86.ActiveCfg = Release|Win32
		{F551524D-8A70-4B2F-A7C2-28AE61150022}.Release|x86.Build.0 = Release|Win32
		{187D3E60-961A-41EE-BC18-C510A431D22E}.Debug|Any CPU.ActiveCfg = Debug|Win32
		{187D3E60-961A-41EE-BC18-C510A431D22E}.Debug|ARM.ActiveCfg = Debug|ARM
		{187D3E60-961A-41EE-BC18-C510A431D22E}.Debug|ARM.Build.0 = Debug|ARM
		{187D3E60-961A-41EE-BC18-C510A431D22E}.Debug|ARM.Deploy.0 = Debug|ARM
		{187D3E60-961A-41EE-BC18-C510A431D22E}.Debug|Win32.ActiveCfg = Debug|Win32
		{187D3E60-961A-41EE-BC18-C510A431D22E}.Debug|Win32.Build.0 = Debug|Win32
		{187D3E60-961A-41EE-BC18-C510A431D22E}.Debug|Win32.Deploy.0 = Debug|Win32
		{187D3E60-961A-41EE-BC18-C510A431D22E}.Debug|x64.ActiveCfg = Debug|x64
		{187D3E60-961A-41EE-BC18-C510A431D22E}.Debug|x64.Build.0 = Debug|x64
		{187D3E60-961A-41EE-BC18-C510A431D22E}.Debug|x64.Deploy.0 = Debug|x64
		{187D3E60-961A-41EE-BC18-C510A431D22E}.Debug|x86.ActiveCfg = Debug|Win32
		{187D3E60-961A-41EE-BC18-C510A431D22E}.Debug|x86.Build.0 = Debug|Win32
		{187D3E60-961A-41EE-BC18-C510A431D22E}.Debug|x86.Deploy.0 = Debug|Win32
		{187D3E60-961A-41EE-BC18-C510A431D22E}.Release|Any CPU.ActiveCfg = Release|Win32
		{187D3E60-961A-41EE-BC18-C510A431D22E}.Release|ARM.ActiveCfg = Release|ARM
		{187D3E60-961A-41EE-BC18-C510A431D22E}.Release|ARM.Build.0 = Release|ARM
		{187D3E60-961A-41EE-BC18-C510A431D22E}.Release|ARM.Deploy.0 = Release|ARM
		{187D3E60-961A-41EE-BC18-C510A431D22E}.Release|Win32.ActiveCfg = Release|Win32
		{187D3E60-961A-41EE-BC18-C510A431D22E}.Release|Win32.Build.0 = Release|Win32
		{187D3E60-961A-41EE-BC18-C510A431D22E}.Release|Win32.Deploy.0 = Release|Win32
		{187D3E60-961A-41EE-BC18-C510A431D22E}.Release|x64.ActiveCfg = Release|x64
		{187D3E60-961A-41EE-BC18-C510A431D22E}.Release|x64.Build.0 = Release|x64
		{187D3E60-961A-41EE-BC18-C510A431D22E}.Release|x64.Deploy.0 = Release|x64
		{187D3E60-961A-41EE-BC18-C510A431D22E}.Release|x86.ActiveCfg = Release|Win32
		{187D3E60-961A-41EE-BC18-C510A431D22E}.Release|x86.Build.0 = Release|Win32
		{187D3E60-961A-41EE-BC18-C510A431D22E}.Release|x86.Deploy.0 = Release|Win32
		{42ABB4F7-AE8A-3393-B7A2-BE6923019AF4}.Debug|Any CPU.ActiveCfg = Debug|Win32
		{42ABB4F7-AE8A-3393-B7A2-BE6923019AF4}.Debug|ARM.ActiveCfg = Debug|ARM
		{42ABB4F7-AE8A-3393-B7A2-BE6923019AF4}.Debug|ARM.Build.0 = Debug|ARM
		{42ABB4F7-AE8A-3393-B7A2-BE6923019AF4}.Debug|Win32.ActiveCfg = Debug|Win32
		{42ABB4F7-AE8A-3393-B7A2-BE6923019AF4}.Debug|Win32.Build.0 = Debug|Win32
		{42ABB4F7-AE8A-3393-B7A2-BE6923019AF4}.Debug|x64.ActiveCfg = Debug|x64
		{42ABB4F7-AE8A-3393-B7A2-BE6923019AF4}.Debug|x64.Build.0 = Debug|x64
		{42ABB4F7-AE8A-3393-B7A2-BE6923019AF4}.Debug|x86.ActiveCfg = Debug|Win32
		{42ABB4F7-AE8A-3393-B7A2-BE6923019AF4}.Debug|x86.Build.0 = Debug|Win32
		{42ABB4F7-AE8A-3393-B7A2-BE6923019AF4}.Release|Any CPU.ActiveCfg = Release|Win32
		{42ABB4F7-AE8A-3393-B7A2-BE6923019AF4}.Release|ARM.ActiveCfg = Release|ARM
		{42ABB4F7-AE8A-3393-B7A2-BE6923019AF4}.Release|ARM.Build.0 = Release|ARM
		{42ABB4F7-AE8A-3393-B7A2-BE6923019AF4}.Release|Win32.ActiveCfg = Release|Win32
		{42ABB4F7-AE8A-3393-B7A2-BE6923019AF4}.Release|Win32.Build.0 = Release|Win32
		{42ABB4F7-AE8A-3393-B7A2-BE6923019AF4}.Release|x64.ActiveCfg = Release|x64
		{42ABB4F7-AE8A-3393-B7A2-BE6923019AF4}.Release|x64.Build.0 = Release|x64
		{42ABB4F7-AE8A-3393-B7A2-BE6923019AF4}.Release|x86.ActiveCfg = Release|Win32
		{42ABB4F7-AE8A-3393-B7A2-BE6923019AF4}.Release|x86.Build.0 = Release|Win32
		{F7DCCFEC-D7F8-4977-BB07-A3ADE2AAB85F}.Debug|Any CPU.ActiveCfg = Debug|Win32
		{F7DCCFEC-D7F8-4977-BB07-A3ADE2AAB85F}.Debug|ARM.ActiveCfg = Debug|ARM
		{F7DCCFEC-D7F8-4977-BB07-A3ADE2AAB85F}.Debug|ARM.Build.0 = Debug|ARM
		{F7DCCFEC-D7F8-4977-BB07-A3ADE2AAB85F}.Debug|Win32.ActiveCfg = Debug|Win32
		{F7DCCFEC-D7F8-4977-BB07-A3ADE2AAB85F}.Debug|Win32.Build.0 = Debug|Win32
		{F7DCCFEC-D7F8-4977-BB07-A3ADE2AAB85F}.Debug|x64.ActiveCfg = Debug|x64
		{F7DCCFEC-D7F8-4977-BB07-A3ADE2AAB85F}.Debug|x64.Build.0 = Debug|x64
		{F7DCCFEC-D7F8-4977-BB07-A3ADE2AAB85F}.Debug|x86.ActiveCfg = Debug|Win32
		{F7DCCFEC-D7F8-4977-BB07-A3ADE2AAB85F}.Debug|x86.Build.0 = Debug|Win32
		{F7DCCFEC-D7F8-4977-BB07-A3ADE2AAB85F}.Release|Any CPU.ActiveCfg = Release|Win32
		{F7DCCFEC-D7F8-4977-BB07-A3ADE2AAB85F}.Release|ARM.ActiveCfg = Release|ARM
		{F7DCCFEC-D7F8-4977-BB07-A3ADE2AAB85F}.Release|ARM.Build.0 = Release|ARM
		{F7DCCFEC-D7F8-4977-BB07-A3ADE2AAB85F}.Release|Win32.ActiveCfg = Release|Win32
		{F7DCCFEC-D7F8-4977-BB07-A3ADE2AAB85F}.Release|Win32.Build.0 = Release|Win32
		{F7DCCFEC-D7F8-4977-BB07-A3ADE2AAB85F}.Release|x64.ActiveCfg = Release|x64
		{F7DCCFEC-D7F8-4977-BB07-A3ADE2AAB85F}.Release|x64.Build.0 = Release|x64
		{F7DCCFEC-D7F8-4977-BB07-A3ADE2AAB85F}.Release|x86.ActiveCfg = Release|Win32
		{F7DCCFEC-D7F8-4977-BB07-A3ADE2AAB85F}.Release|x86.Build.0 = Release|Win32
		{41F7F754-7B23-4704-B9D7-8CF9CC366FBE}.Debug|Any CPU.ActiveCfg = Debug|Win32
		{41F7F754-7B23-4704-B9D7-8CF9CC366FBE}.Debug|ARM.ActiveCfg = Debug|ARM
		{41F7F754-7B23-4704-B9D7-8CF9CC366FBE}.Debug|ARM.Build.0 = Debug|ARM
		{41F7F754-7B23-4704-B9D7-8CF9CC366FBE}.Debug|Win32.ActiveCfg = Debug|Win32
		{41F7F754-7B23-4704-B9D7-8CF9CC366FBE}.Debug|Win32.Build.0 = Debug|Win32
		{41F7F754-7B23-4704-B9D7-8CF9CC366FBE}.Debug|x64.ActiveCfg = Debug|x64
		{41F7F754-7B23-4704-B9D7-8CF9CC366FBE}.Debug|x64.Build.0 = Debug|x64
		{41F7F754-7B23-4704-B9D7-8CF9CC366FBE}.Debug|x86.ActiveCfg = Debug|Win32
		{41F7F754-7B23-4704-B9D7-8CF9CC366FBE}.Debug|x86.Build.0 = Debug|Win32
		{41F7F754-7B23-4704-B9D7-8CF9CC366FBE}.Release|Any CPU.ActiveCfg = Release|Win32
		{41F7F754-7B23-4704-B9D7-8CF9CC366FBE}.Release|ARM.ActiveCfg = Release|ARM
		{41F7F754-7B23-4704-B9D7-8CF9CC366FBE}.Release|ARM.Build.0 = Release|ARM
		{41F7F754-7B23-4704-B9D7-8CF9CC366FBE}.Release|Win32.ActiveCfg = Release|Win32
		{41F7F754-7B23-4704-B9D7-8CF9CC366FBE}.Release|Win32.Build.0 = Release|Win32
		{41F7F754-7B23-4704-B9D7-8CF9CC366FBE}.Release|x64.ActiveCfg = Release|x64
		{41F7F754-7B23-4704-B9D7-8CF9CC366FBE}.Release|x64.Build.0 = Release|x64
		{41F7F754-7B23-4704-B9D7-8CF9CC366FBE}.Release|x86.ActiveCfg = Release|Win32
		{41F7F754-7B23-4704-B9D7-8CF9CC366FBE}.Release|x86.Build.0 = Release|Win32
		{19972077-AAFC-447C-BB69-0512EA92D79F}.Debug|Any CPU.ActiveCfg = Debug|Win32
		{19972077-AAFC-447C-BB69-0512EA92D79F}.Debug|ARM.ActiveCfg = Debug|ARM
		{19972077-AAFC-447C-BB69-0512EA92D79F}.Debug|ARM.Build.0 = Debug|ARM
		{19972077-AAFC-447C-BB69-0512EA92D79F}.Debug|Win32.ActiveCfg = Debug|Win32
		{19972077-AAFC-447C-BB69-0512EA92D79F}.Debug|Win32.Build.0 = Debug|Win32
		{19972077-AAFC-447C-BB69-0512EA92D79F}.Debug|x64.ActiveCfg = Debug|x64
		{19972077-AAFC-447C-BB69-0512EA92D79F}.Debug|x64.Build.0 = Debug|x64
		{19972077-AAFC-447C-BB69-0512EA92D79F}.Debug|x86.ActiveCfg = Debug|Win32
		{19972077-AAFC-447C-BB69-0512EA92D79F}.Debug|x86.Build.0 = Debug|Win32
		{19972077-AAFC-447C-BB69-0512EA92D79F}.Release|Any CPU.ActiveCfg = Release|Win32
		{19972077-AAFC-447C-BB69-0512EA92D79F}.Release|ARM.ActiveCfg = Release|ARM
		{19972077-AAFC-447C-BB69-0512EA92D79F}.Release|ARM.Build.0 = Release|ARM
		{19972077-AAFC-447C-BB69-0512EA92D79F}.Release|Win32.ActiveCfg = Release|Win32
		{19972077-AAFC-447C-BB69-0512EA92D79F}.Release|Win32.Build.0 = Release|Win32
		{19972077-AAFC-447C-BB69-0512EA92D79F}.Release|x64.ActiveCfg = Release|x64
		{19972077-AAFC-447C-BB69-0512EA92D79F}.Release|x64.Build.0 = Release|x64
		{19972077-AAFC-447C-BB69-0512EA92D79F}.Release|x86.ActiveCfg = Release|Win32
		{19972077-AAFC-447C-BB69-0512EA92D79F}.Release|x86.Build.0 = Release|Win32
		{07C2895D-720C-487D-B7B4-12C293EA533F}.Debug|Any CPU.ActiveCfg = Debug|Win32
		{07C2895D-720C-487D-B7B4-12C293EA533F}.Debug|ARM.ActiveCfg = Debug|ARM
		{07C2895D-720C-487D-B7B4-12C293EA533F}.Debug|ARM.Build.0 = Debug|ARM
		{07C2895D-720C-487D-B7B4-12C293EA533F}.Debug|Win32.ActiveCfg = Debug|Win32
		{07C2895D-720C-487D-B7B4-12C293EA533F}.Debug|Win32.Build.0 = Debug|Win32
		{07C2895D-720C-487D-B7B4-12C293EA533F}.Debug|x64.ActiveCfg = Debug|x64
		{07C2895D-720C-487D-B7B4-12C293EA533F}.Debug|x64.Build.0 = Debug|x64
		{07C2895D-720C-487D-B7B4-12C293EA533F}.Debug|x86.ActiveCfg = Debug|Win32
		{07C2895D-720C-487D-B7B4-12C293EA533F}.Debug|x86.Build.0 = Debug|Win32
		{07C2895D-720C-487D-B7B4-12C293EA533F}.Release|Any CPU.ActiveCfg = Release|Win32
		{07C2895D-720C-487D-B7B4-12C293EA533F}.Release|ARM.ActiveCfg = Release|ARM
		{07C2895D-720C-487D-B7B4-12C293EA533F}.Release|ARM.Build.0 = Release|ARM
		{07C2895D-720C-487D-B7B4-12C293EA533F}.Release|Win32.ActiveCfg = Release|Win32
		{07C2895D-720C-487D-B7B4-12C293EA533F}.Release|Win32.Build.0 = Release|Win32
		{07C2895D-720C-487D-B7B4-12C293EA533F}.Release|x64.ActiveCfg = Release|x64
		{07C2895D-720C-487D-B7B4-12C293EA533F}.Release|x64.Build.0 = Release|x64
		{07C2895D-720C-487D-B7B4-12C293EA533F}.Release|x86.ActiveCfg = Release|Win32
		{07C2895D-720C-487D-B7B4-12C293EA533F}.Release|x86.Build.0 = Release|Win32
		{7E3E300C-E43E-45E3-7AFE-6C728B705A32}.Debug|Any CPU.ActiveCfg = Debug|Win32
		{7E3E300C-E43E-45E3-7AFE-6C728B705A32}.Debug|ARM.ActiveCfg = Debug|ARM
		{7E3E300C-E43E-45E3-7AFE-6C728B705A32}.Debug|ARM.Build.0 = Debug|ARM
		{7E3E300C-E43E-45E3-7AFE-6C728B705A32}.Debug|Win32.ActiveCfg = Debug|Win32
		{7E3E300C-E43E-45E3-7AFE-6C728B705A32}.Debug|Win32.Build.0 = Debug|Win32
		{7E3E300C-E43E-45E3-7AFE-6C728B705A32}.Debug|x64.ActiveCfg = Debug|x64
		{7E3E300C-E43E-45E3-7AFE-6C728B705A32}.Debug|x64.Build.0 = Debug|x64
		{7E3E300C-E43E-45E3-7AFE-6C728B705A32}.Debug|x86.ActiveCfg = Debug|Win32
		{7E3E300C-E43E-45E3-7AFE-6C728B705A32}.Debug|x86.Build.0 = Debug|Win32
		{7E3E300C-E43E-45E3-7AFE-6C728B705A32}.Release|Any CPU.ActiveCfg = Release|Win32
		{7E3E300C-E43E-45E3-7AFE-6C728B705A32}.Release|ARM.ActiveCfg = Release|ARM
		{7E3E300C-E43E-45E3-7AFE-6C728B705A32}.Release|ARM.Build.0 = Release|ARM
		{7E3E300C-E43E-45E3-7AFE-6C728B705A32}.Release|Win32.ActiveCfg = Release|Win32
		{7E3E300C-E43E-45E3-7AFE-6C728B705A32}.Release|Win32.Build.0 = Release|Win32
		{7E3E300C-E43E-45E3-7AFE-6C728B705A32}.Release|x64.ActiveCfg = Release|x64
		{7E3E300C-E43E-45E3-7AFE-6C728B705A32}.Release|x64.Build.0 = Release|x64
		{7E3E300C-E43E-45E3-7AFE-6C728B705A32}.Release|x86.ActiveCfg = Release|Win32
		{7E3E300C-E43E-45E3-7AFE-6C728B705A32}.Release|x86.Build.0 = Release|Win32
		{4C9E2306-3012-5705-6444-E83567B383C7}.Debug|Any CPU.ActiveCfg = Debug|Win32
		{4C9E2306-3012-5705-6444-E83567B383C7}.Debug|ARM.ActiveCfg = Debug|ARM
		{4C9E2306-3012-5705-6444-E83567B383C7}.Debug|ARM.Build.0 = Debug|ARM
		{4C9E2306-3012-5705-6444-E83567B383C7}.Debug|Win32.ActiveCfg = Debug|Win32
		{4C9E2306-3012-5705-6444-E83567B383C7}.Debug|Win32.Build.0 = Debug|Win32
		{4C9E2306-3012-5705-6444-E83567B383C7}.Debug|x64.ActiveCfg = Debug|x64
		{4C9E2306-3012-5705-6444-E83567B383C7}.Debug|x64.Build.0 = Debug|x64
		{4C9E2306-3012-5705-6444-E83567B383C7}.Debug|x86.ActiveCfg = Debug|Win32
		{4C9E2306-3012-5705-6444-E83567B383C7}.Debug|x86.Build.0 = Debug|Win32
		{4C9E2306-3012-5705-6444-E83567B383C7}.Release|Any CPU.ActiveCfg = Release|Win32
		{4C9E2306-3012-5705-6444-E83567B383C7}.Release|ARM.ActiveCfg = Release|ARM
		{4C9E2306-3012-5705-6444-E83567B383C7}.Release|ARM.Build.0 = Release|ARM
		{4C9E2306-3012-5705-6444-E83567B383C7}.Release|Win32.ActiveCfg = Release|Win32
		{4C9E2306-3012-5705-6444-E83567B383C7}.Release|Win32.Build.0 = Release|Win32
		{4C9E2306-3012-5705-6444-E83567B383C7}.Release|x64.ActiveCfg = Release|x64
		{4C9E2306-3012-5705-6444-E83567B383C7}.Release|x64.Build.0 = Release|x64
		{4C9E2306-3012-5705-6444-E83567B383C7}.Release|x86.ActiveCfg = Release|Win32
		{4C9E2306-3012-5705-6444-E83567B383C7}.Release|x86.Build.0 = Release|Win32
		{CC680B1E-4E12-511E-0BB1-98AC96D57E45}.Debug|Any CPU.ActiveCfg = Debug|Win32
		{CC680B1E-4E12-511E-0BB1-98AC96D57E45}.Debug|ARM.ActiveCfg = Debug|ARM
		{CC680B1E-4E12-511E-0BB1-98AC96D57E45}.Debug|ARM.Build.0 = Debug|ARM
		{CC680B1E-4E12-511E-0BB1-98AC96D57E45}.Debug|Win32.ActiveCfg = Debug|Win32
		{CC680B1E-4E12-511E-0BB1-98AC96D57E45}.Debug|Win32.Build.0 = Debug|Win32
		{CC680B1E-4E12-511E-0BB1-98AC96D57E45}.Debug|x64.ActiveCfg = Debug|x64
		{CC680B1E-4E12-511E-0BB1-98AC96D57E45}.Debug|x64.Build.0 = Debug|x64
		{CC680B1E-4E12-511E-0BB1-98AC96D57E45}.Debug|x86.ActiveCfg = Debug|Win32
		{CC680B1E-4E12-511E-0BB1-98AC96D57E45}.Debug|x86.Build.0 = Debug|Win32
		{CC680B1E-4E12-511E-0BB1-98AC96D57E45}.Release|Any CPU.ActiveCfg = Release|Win32
		{CC680B1E-4E12-511E-0BB1-98AC96D57E45}.Release|ARM.ActiveCfg = Release|ARM
		{CC680B1E-4E12-511E-0BB1-98AC96D57E45}.Release|ARM.Build.0 = Release|ARM
		{CC680B1E-4E12-511E-0BB1-98AC96D57E45}.Release|Win32.ActiveCfg = Release|Win32
		{CC680B1E-4E12-511E-0BB1-98AC96D57E45}.Release|Win32.Build.0 = Release|Win32
		{CC680B1E-4E12-511E-0BB1-98AC96D57E45}.Release|x64.ActiveCfg = Release|x64
		{CC680B1E-4E12-511E-0BB1-98AC96D57E45}.Release|x64.Build.0 = Release|x64
		{CC680B1E-4E12-511E-0BB1-98AC96D57E45}.Release|x86.ActiveCfg = Release|Win32
		{CC680B1E-4E12-511E-0BB1-98AC96D57E45}.Release|x86.Build.0 = Release|Win32
		{827D9088-EBF8-F3E0-55C8-7221677654F2}.Debug|Any CPU.ActiveCfg = Debug|Win32
		{827D9088-EBF8-F3E0-55C8-7221677654F2}.Debug|ARM.ActiveCfg = Debug|ARM
		{827D9088-EBF8-F3E0-55C8-7221677654F2}.Debug|ARM.Build.0 = Debug|ARM
		{827D9088-EBF8-F3E0-55C8-7221677654F2}.Debug|Win32.ActiveCfg = Debug|Win32
		{827D9088-EBF8-F3E0-55C8-7221677654F2}.Debug|Win32.Build.0 = Debug|Win32
		{827D9088-EBF8-F3E0-55C8-7221677654F2}.Debug|x64.ActiveCfg = Debug|x64
		{827D9088-EBF8-F3E0-55C8-7221677654F2}.Debug|x64.Build.0 = Debug|x64
		{827D9088-EBF8-F3E0-55C8-7221677654F2}.Debug|x86.ActiveCfg = Debug|Win32
		{827D9088-EBF8-F3E0-55C8-7221677654F2}.Debug|x86.Build.0 = Debug|Win32
		{827D9088-EBF8-F3E0-55C8-7221677654F2}.Release|Any CPU.ActiveCfg = Release|Win32
		{827D9088-EBF8-F3E0-55C8-7221677654F2}.Release|ARM.ActiveCfg = Release|ARM
		{827D9088-EBF8-F3E0-55C8-7221677654F2}.Release|ARM.Build.0 = Release|ARM
		{827D9088-EBF8-F3E0-55C8-7221677654F2}.Release|Win32.ActiveCfg = Release|Win32
		{827D9088-EBF8-F3E0-55C8-7221677654F2}.Release|Win32.Build.0 = Release|Win32
		{827D9088-EBF8-F3E0-55C8-7221677654F2}.Release|x64.ActiveCfg = Release|x64
		{827D9088-EBF8-F3E0-55C8-7221677654F2}.Release|x64.Build.0 = Release|x64
		{827D9088-EBF8-F3E0-55C8-7221677654F2}.Release|x86.ActiveCfg = Release|Win32
		{827D9088-EBF8-F3E0-55C8-7221677654F2}.Release|x86.Build.0 = Release|Win32
		{DC6C63FF-C15C-68A1-5864-FB597D75B2B3}.Debug|Any CPU.ActiveCfg = Debug|Win32
		{DC6C63FF-C15C-68A1-5864-FB597D75B2B3}.Debug|ARM.ActiveCfg = Debug|ARM
		{DC6C63FF-C15C-68A1-5864-FB597D75B2B3}.Debug|ARM.Build.0 = Debug|ARM
		{DC6C63FF-C15C-68A1-5864-FB597D75B2B3}.Debug|Win32.ActiveCfg = Debug|Win32
		{DC6C63FF-C15C-68A1-5864-FB597D75B2B3}.Debug|Win32.Build.0 = Debug|Win32
		{DC6C63FF-C15C-68A1-5864-FB597D75B2B3}.Debug|x64.ActiveCfg = Debug|x64
		{DC6C63FF-C15C-68A1-5864-FB597D75B2B3}.Debug|x64.Build.0 = Debug|x64
		{DC6C63FF-C15C-68A1-5864-FB597D75B2B3}.Debug|x86.ActiveCfg = Debug|Win32
		{DC6C63FF-C15C-68A1-5864-FB597D75B2B3}.Debug|x86.Build.0 = Debug|Win32
		{DC6C63FF-C15C-68A1-5864-FB597D75B2B3}.Release|Any CPU.ActiveCfg = Release|Win32
		{DC6C63FF-C15C-68A1-5864-FB597D75B2B3}.Release|ARM.ActiveCfg = Release|ARM
		{DC6C63FF-C15C-68A1-5864-FB597D75B2B3}.Release|ARM.Build.0 = Release|ARM
		{DC6C63FF-C15C-68A1-5864-FB597D75B2B3}.Release|Win32.ActiveCfg = Release|Win32
		{DC6C63FF-C15C-68A1-5864-FB597D75B2B3}.Release|Win32.Build.0 = Release|Win32
		{DC6C63FF-C15C-68A1-5864-FB597D75B2B3}.Release|x64.ActiveCfg = Release|x64
		{DC6C63FF-C15C-68A1-5864-FB597D75B2B3}.Release|x64.Build.0 = Release|x64
		{DC6C63FF-C15C-68A1-5864-FB597D75B2B3}.Release|x86.ActiveCfg = Release|Win32
		{DC6C63FF-C15C-68A1-5864-FB597D75B2B3}.Release|x86.Build.0 = Release|Win32
		{ABEF057D-44A3-6E92-15DC-03A220AF6AFC}.Debug|Any CPU.ActiveCfg = Debug|Win32
		{ABEF057D-44A3-6E92-15DC-03A220AF6AFC}.Debug|ARM.ActiveCfg = Debug|ARM
		{ABEF057D-44A3-6E92-15DC-03A220AF6AFC}.Debug|ARM.Build.0 = Debug|ARM
		{ABEF057D-44A3-6E92-15DC-03A220AF6AFC}.Debug|Win32.ActiveCfg = Debug|Win32
		{ABEF057D-44A3-6E92-15DC-03A220AF6AFC}.Debug|Win32.Build.0 = Debug|Win32
		{ABEF057D-44A3-6E92-15DC-03A220AF6AFC}.Debug|x64.ActiveCfg = Debug|x64
		{ABEF057D-44A3-6E92-15DC-03A220AF6AFC}.Debug|x64.Build.0 = Debug|x64
		{ABEF057D-44A3-6E92-15DC-03A220AF6AFC}.Debug|x86.ActiveCfg = Debug|Win32
		{ABEF057D-44A3-6E92-15DC-03A220AF6AFC}.Debug|x86.Build.0 = Debug|Win32
		{ABEF057D-44A3-6E92-15DC-03A220AF6AFC}.Release|Any CPU.ActiveCfg = Release|Win32
		{ABEF057D-44A3-6E92-15DC-03A220AF6AFC}.Release|ARM.ActiveCfg = Release|ARM
		{ABEF057D-44A3-6E92-15DC-03A220AF6AFC}.Release|ARM.Build.0 = Release|ARM
		{ABEF057D-44A3-6E92-15DC-03A220AF6AFC}.Release|Win32.ActiveCfg = Release|Win32
		{ABEF057D-44A3-6E92-15DC-03A220AF6AFC}.Release|Win32.Build.0 = Release|Win32
		{ABEF057D-44A3-6E92-15DC-03A220AF6AFC}.Release|x64.ActiveCfg = Release|x64
		{ABEF057D-44A3-6E92-15DC-03A220AF6AFC}.Release|x64.Build.0 = Release|x64
		{ABEF057D-44A3-6E92-15DC-03A220AF6AFC}.Release|x86.ActiveCfg = Release|Win32
		{ABEF057D-44A3-6E92-15DC-03A220AF6AFC}.Release|x86.Build.0 = Release|Win32
		{229C8CCC-D35C-ECDB-2B0C-27EE2CAC295B}.Debug|Any CPU.ActiveCfg = Debug|Win32
		{229C8CCC-D35C-ECDB-2B0C-27EE2CAC295B}.Debug|ARM.ActiveCfg = Debug|ARM
		{229C8CCC-D35C-ECDB-2B0C-27EE2CAC295B}.Debug|ARM.Build.0 = Debug|ARM
		{229C8CCC-D35C-ECDB-2B0C-27EE2CAC295B}.Debug|Win32.ActiveCfg = Debug|Win32
		{229C8CCC-D35C-ECDB-2B0C-27EE2CAC295B}.Debug|Win32.Build.0 = Debug|Win32
		{229C8CCC-D35C-ECDB-2B0C-27EE2CAC295B}.Debug|x64.ActiveCfg = Debug|x64
		{229C8CCC-D35C-ECDB-2B0C-27EE2CAC295B}.Debug|x64.Build.0 = Debug|x64
		{229C8CCC-D35C-ECDB-2B0C-27EE2CAC295B}.Debug|x86.ActiveCfg = Debug|Win32
		{229C8CCC-D35C-ECDB-2B0C-27EE2CAC295B}.Debug|x86.Build.0 = Debug|Win32
		{229C8CCC-D35C-ECDB-2B0C-27EE2CAC295B}.Release|Any CPU.ActiveCfg = Release|Win32
		{229C8CCC-D35C-ECDB-2B0C-27EE2CAC295B}.Release|ARM.ActiveCfg = Release|ARM
		{229C8CCC-D35C-ECDB-2B0C-27EE2CAC295B}.Release|ARM.Build.0 = Release|ARM
		{229C8CCC-D35C-ECDB-2B0C-27EE2CAC295B}.Release|Win32.ActiveCfg = Release|Win32
		{229C8CCC-D35C-ECDB-2B0C-27EE2CAC295B}.Release|Win32.Build.0 = Release|Win32
		{229C8CCC-D35C-ECDB-2B0C-27EE2CAC295B}.Release|x64.ActiveCfg = Release|x64
		{229C8CCC-D35C-ECDB-2B0C-27EE2CAC295B}.Release|x64.Build.0 = Release|x64
		{229C8CCC-D35C-ECDB-2B0C-27EE2CAC295B}.Release|x86.ActiveCfg = Release|Win32
		{229C8CCC-D35C-ECDB-2B0C-27EE2CAC295B}.Release|x86.Build.0 = Release|Win32
		{5CF061C0-EA5A-323E-2FFB-145A0C3D60A5}.Debug|Any CPU.ActiveCfg = Debug|Win32
		{5CF061C0-EA5A-323E-2FFB-145A0C3D60A5}.Debug|ARM.ActiveCfg = Debug|ARM
		{5CF061C0-EA5A-323E-2FFB-145A0C3D60A5}.Debug|ARM.Build.0 = Debug|ARM
		{5CF061C0-EA5A-323E-2FFB-145A0C3D60A5}.Debug|Win32.ActiveCfg = Debug|Win32
		{5CF061C0-EA5A-323E-2FFB-145A0C3D60A5}.Debug|Win32.Build.0 = Debug|Win32
		{5CF061C0-EA5A-323E-2FFB-145A0C3D60A5}.Debug|x64.ActiveCfg = Debug|x64
		{5CF061C0-EA5A-323E-2FFB-145A0C3D60A5}.Debug|x64.Build.0 = Debug|x64
		{5CF061C0-EA5A-323E-2FFB-145A0C3D60A5}.Debug|x86.ActiveCfg = Debug|Win32
		{5CF061C0-EA5A-323E-2FFB-145A0C3D60A5}.Debug|x86.Build.0 = Debug|Win32
		{5CF061C0-EA5A-323E-2FFB-145A0C3D60A5}.Release|Any CPU.ActiveCfg = Release|Win32
		{5CF061C0-EA5A-323E-2FFB-145A0C3D60A5}.Release|ARM.ActiveCfg = Release|ARM
		{5CF061C0-EA5A-323E-2FFB-145A0C3D60A5}.Release|ARM.Build.0 = Release|ARM
		{5CF061C0-EA5A-323E-2FFB-145A0C3D60A5}.Release|Win32.ActiveCfg = Release|Win32
		{5CF061C0-EA5A-323E-2FFB-145A0C3D60A5}.Release|Win32.Build.0 = Release|Win32
		{5CF061C0-EA5A-323E-2FFB-145A0C3D60A5}.Release|x64.ActiveCfg = Release|x64
		{5CF061C0-EA5A-323E-2FFB-145A0C3D60A5}.Release|x64.Build.0 = Release|x64
		{5CF061C0-EA5A-323E-2FFB-145A0C3D60A5}.Release|x86.ActiveCfg = Release|Win32
		{5CF061C0-EA5A-323E-2FFB-145A0C3D60A5}.Release|x86.Build.0 = Release|Win32
		{DBFED762-09FA-6D74-851D-9BB6E20584F6}.Debug|Any CPU.ActiveCfg = Debug|Win32
		{DBFED762-09FA-6D74-851D-9BB6E20584F6}.Debug|ARM.ActiveCfg = Debug|ARM
		{DBFED762-09FA-6D74-851D-9BB6E20584F6}.Debug|ARM.Build.0 = Debug|ARM
		{DBFED762-09FA-6D74-851D-9BB6E20584F6}.Debug|Win32.ActiveCfg = Debug|Win32
		{DBFED762-09FA-6D74-851D-9BB6E20584F6}.Debug|Win32.Build.0 = Debug|Win32
		{DBFED762-09FA-6D74-851D-9BB6E20584F6}.Debug|x64.ActiveCfg = Debug|x64
		{DBFED762-09FA-6D74-851D-9BB6E20584F6}.Debug|x64.Build.0 = Debug|x64
		{DBFED762-09FA-6D74-851D-9BB6E20584F6}.Debug|x86.ActiveCfg = Debug|Win32
		{DBFED762-09FA-6D74-851D-9BB6E20584F6}.Debug|x86.Build.0 = Debug|Win32
		{DBFED762-09FA-6D74-851D-9BB6E20584F6}.Release|Any CPU.ActiveCfg = Release|Win32
		{DBFED762-09FA-6D74-851D-9BB6E20584F6}.Release|ARM.ActiveCfg = Release|ARM
		{DBFED762-09FA-6D74-851D-9BB6E20584F6}.Release|ARM.Build.0 = Release|ARM
		{DBFED762-09FA-6D74-851D-9BB6E20584F6}.Release|Win32.ActiveCfg = Release|Win32
		{DBFED762-09FA-6D74-851D-9BB6E20584F6}.Release|Win32.Build.0 = Release|Win32
		{DBFED762-09FA-6D74-851D-9BB6E20584F6}.Release|x64.ActiveCfg = Release|x64
		{DBFED762-09FA-6D74-851D-9BB6E20584F6}.Release|x64.Build.0 = Release|x64
		{DBFED762-09FA-6D74-851D-9BB6E20584F6}.Release|x86.ActiveCfg = Release|Win32
		{DBFED762-09FA-6D74-851D-9BB6E20584F6}.Release|x86.Build.0 = Release|Win32
		{CCB5F260-9E5D-B51E-07AC-61B3052C6A9F}.Debug|Any CPU.ActiveCfg = Debug|Win32
		{CCB5F260-9E5D-B51E-07AC-61B3052C6A9F}.Debug|ARM.ActiveCfg = Debug|ARM
		{CCB5F260-9E5D-B51E-07AC-61B3052C6A9F}.Debug|ARM.Build.0 = Debug|ARM
		{CCB5F260-9E5D-B51E-07AC-61B3052C6A9F}.Debug|Win32.ActiveCfg = Debug|Win32
		{CCB5F260-9E5D-B51E-07AC-61B3052C6A9F}.Debug|Win32.Build.0 = Debug|Win32
		{CCB5F260-9E5D-B51E-07AC-61B3052C6A9F}.Debug|x64.ActiveCfg = Debug|x64
		{CCB5F260-9E5D-B51E-07AC-61B3052C6A9F}.Debug|x64.Build.0 = Debug|x64
		{CCB5F260-9E5D-B51E-07AC-61B3052C6A9F}.Debug|x86.ActiveCfg = Debug|Win32
		{CCB5F260-9E5D-B51E-07AC-61B3052C6A9F}.Debug|x86.Build.0 = Debug|Win32
		{CCB5F260-9E5D-B51E-07AC-61B3052C6A9F}.Release|Any CPU.ActiveCfg = Release|Win32
		{CCB5F260-9E5D-B51E-07AC-61B3052C6A9F}.Release|ARM.ActiveCfg = Release|ARM
		{CCB5F260-9E5D-B51E-07AC-61B3052C6A9F}.Release|ARM.Build.0 = Release|ARM
		{CCB5F260-9E5D-B51E-07AC-61B3052C6A9F}.Release|Win32.ActiveCfg = Release|Win32
		{CCB5F260-9E5D-B51E-07AC-61B3052C6A9F}.Release|Win32.Build.0 = Release|Win32
		{CCB5F260-9E5D-B51E-07AC-61B3052C6A9F}.Release|x64.ActiveCfg = Release|x64
		{CCB5F260-9E5D-B51E-07AC-61B3052C6A9F}.Release|x64.Build.0 = Release|x64
		{CCB5F260-9E5D-B51E-07AC-61B3052C6A9F}.Release|x86.ActiveCfg = Release|Win32
		{CCB5F260-9E5D-B51E-07AC-61B3052C6A9F}.Release|x86.Build.0 = Release|Win32
		{D42E649A-16F0-F02E-C9E0-4700295D3C78}.Debug|Any CPU.ActiveCfg = Debug|Win32
		{D42E649A-16F0-F02E-C9E0-4700295D3C78}.Debug|ARM.ActiveCfg = Debug|ARM
		{D42E649A-16F0-F02E-C9E0-4700295D3C78}.Debug|ARM.Build.0 = Debug|ARM
		{D42E649A-16F0-F02E-C9E0-4700295D3C78}.Debug|Win32.ActiveCfg = Debug|Win32
		{D42E649A-16F0-F02E-C9E0-4700295D3C78}.Debug|Win32.Build.0 = Debug|Win32
		{D42E649A-16F0-F02E-C9E0-4700295D3C78}.Debug|x64.ActiveCfg = Debug|x64
		{D42E649A-16F0-F02E-C9E0-4700295D3C78}.Debug|x64.Build.0 = Debug|x64
		{D42E649A-16F0-F02E-C9E0-4700295D3C78}.Debug|x86.ActiveCfg = Debug|Win32
		{D42E649A-16F0-F02E-C9E0-4700295D3C78}.Debug|x86.Build.0 = Debug|Win32
		{D42E649A-16F0-F02E-C9E0-4700295D3C78}.Release|Any CPU.ActiveCfg = Release|Win32
		{D42E649A-16F0-F02E-C9E0-4700295D3C78}.Release|ARM.ActiveCfg = Release|ARM
		{D42E649A-16F0-F02E-C9E0-4700295D3C78}.Release|ARM.Build.0 = Release|ARM
		{D42E649A-16F0-F02E-C9E0-4700295D3C78}.Release|Win32.ActiveCfg = Release|Win32
		{D42E649A-16F0-F02E-C9E0-4700295D3C78}.Release|Win32.Build.0 = Release|Win32
		{D42E649A-16F0-F02E-C9E0-4700295D3C78}.Release|x64.ActiveCfg = Release|x64
		{D42E649A-16F0-F02E-C9E0-4700295D3C78}.Release|x64.Build.0 = Release|x64
		{D42E649A-16F0-F02E-C9E0-4700295D3C78}.Release|x86.ActiveCfg = Release|Win32
		{D42E649A-16F0-F02E-C9E0-4700295D3C78}.Release|x86.Build.0 = Release|Win32
		{195002A7-E979-7387-6C9C-CFFF03DB1775}.Debug|Any CPU.ActiveCfg = Debug|Win32
		{195002A7-E979-7387-6C9C-CFFF03DB1775}.Debug|ARM.ActiveCfg = Debug|ARM
		{195002A7-E979-7387-6C9C-CFFF03DB1775}.Debug|ARM.Build.0 = Debug|ARM
		{195002A7-E979-7387-6C9C-CFFF03DB1775}.Debug|Win32.ActiveCfg = Debug|Win32
		{195002A7-E979-7387-6C9C-CFFF03DB1775}.Debug|Win32.Build.0 = Debug|Win32
		{195002A7-E979-7387-6C9C-CFFF03DB1775}.Debug|x64.ActiveCfg = Debug|x64
		{195002A7-E979-7387-6C9C-CFFF03DB1775}.Debug|x64.Build.0 = Debug|x64
		{195002A7-E979-7387-6C9C-CFFF03DB1775}.Debug|x86.ActiveCfg = Debug|Win32
		{195002A7-E979-7387-6C9C-CFFF03DB1775}.Debug|x86.Build.0 = Debug|Win32
		{195002A7-E979-7387-6C9C-CFFF03DB1775}.Release|Any CPU.ActiveCfg = Release|Win32
		{195002A7-E979-7387-6C9C-CFFF03DB1775}.Release|ARM.ActiveCfg = Release|ARM
		{195002A7-E979-7387-6C9C-CFFF03DB1775}.Release|ARM.Build.0 = Release|ARM
		{195002A7-E979-7387-6C9C-CFFF03DB1775}.Release|Win32.ActiveCfg = Release|Win32
		{195002A7-E979-7387-6C9C-CFFF03DB1775}.Release|Win32.Build.0 = Release|Win32
		{195002A7-E979-7387-6C9C-CFFF03DB1775}.Release|x64.ActiveCfg = Release|x64
		{195002A7-E979-7387-6C9C-CFFF03DB1775}.Release|x64.Build.0 = Release|x64
		{195002A7-E979-7387-6C9C-CFFF03DB1775}.Release|x86.ActiveCfg = Release|Win32
		{195002A7-E979-7387-6C9C-CFFF03DB1775}.Release|x86.Build.0 = Release|Win32
	EndGlobalSection
	GlobalSection(SolutionProperties) = preSolution
		HideSolutionNode = FALSE
	EndGlobalSection
	GlobalSection(NestedProjects) = preSolution
		{0C32D479-46D5-46C3-9AA9-0A8FF8320516} = {B2F1FF1B-005C-490E-999E-17BD4B720B5C}
		{4B3BA10A-941F-4E08-8A50-8A7FCB822BB8} = {B2F1FF1B-005C-490E-999E-17BD4B720B5C}
		{ECEE1119-CE2E-4F7E-83A8-1932EA48E893} = {B2F1FF1B-005C-490E-999E-17BD4B720B5C}
		{F551524D-8A70-4B2F-A7C2-28AE61150022} = {B2F1FF1B-005C-490E-999E-17BD4B720B5C}
		{42ABB4F7-AE8A-3393-B7A2-BE6923019AF4} = {FF73FEF9-1991-4D56-93B0-56A14024FE65}
		{F7DCCFEC-D7F8-4977-BB07-A3ADE2AAB85F} = {FF73FEF9-1991-4D56-93B0-56A14024FE65}
		{41F7F754-7B23-4704-B9D7-8CF9CC366FBE} = {FF73FEF9-1991-4D56-93B0-56A14024FE65}
		{19972077-AAFC-447C-BB69-0512EA92D79F} = {FF73FEF9-1991-4D56-93B0-56A14024FE65}
		{7E3E300C-E43E-45E3-7AFE-6C728B705A32} = {37F27049-549D-4A60-88C4-441DE60A985C}
		{4C9E2306-3012-5705-6444-E83567B383C7} = {37F27049-549D-4A60-88C4-441DE60A985C}
		{CC680B1E-4E12-511E-0BB1-98AC96D57E45} = {37F27049-549D-4A60-88C4-441DE60A985C}
		{827D9088-EBF8-F3E0-55C8-7221677654F2} = {37F27049-549D-4A60-88C4-441DE60A985C}
		{DC6C63FF-C15C-68A1-5864-FB597D75B2B3} = {37F27049-549D-4A60-88C4-441DE60A985C}
		{ABEF057D-44A3-6E92-15DC-03A220AF6AFC} = {37F27049-549D-4A60-88C4-441DE60A985C}
		{229C8CCC-D35C-ECDB-2B0C-27EE2CAC295B} = {37F27049-549D-4A60-88C4-441DE60A985C}
		{5CF061C0-EA5A-323E-2FFB-145A0C3D60A5} = {37F27049-549D-4A60-88C4-441DE60A985C}
		{DBFED762-09FA-6D74-851D-9BB6E20584F6} = {37F27049-549D-4A60-88C4-441DE60A985C}
		{CCB5F260-9E5D-B51E-07AC-61B3052C6A9F} = {37F27049-549D-4A60-88C4-441DE60A985C}
		{D42E649A-16F0-F02E-C9E0-4700295D3C78} = {37F27049-549D-4A60-88C4-441DE60A985C}
		{195002A7-E979-7387-6C9C-CFFF03DB1775} = {37F27049-549D-4A60-88C4-441DE60A985C}
	EndGlobalSection
EndGlobal
